// !$*UTF8*$!
{
	archiveVersion = 1;
	classes = {
	};
	objectVersion = 46;
	objects = {

/* Begin PBXBuildFile section */
		AA5F03BD1E580170009401F0 /* AppDelegate.swift in Sources */ = {isa = PBXBuildFile; fileRef = AA5F03BC1E580170009401F0 /* AppDelegate.swift */; };
		AA5F03BF1E580170009401F0 /* CameraVC.swift in Sources */ = {isa = PBXBuildFile; fileRef = AA5F03BE1E580170009401F0 /* CameraVC.swift */; };
		AA5F03C21E580170009401F0 /* Main.storyboard in Resources */ = {isa = PBXBuildFile; fileRef = AA5F03C01E580170009401F0 /* Main.storyboard */; };
		AA5F03C41E580170009401F0 /* Assets.xcassets in Resources */ = {isa = PBXBuildFile; fileRef = AA5F03C31E580170009401F0 /* Assets.xcassets */; };
		AA5F03C71E580170009401F0 /* LaunchScreen.storyboard in Resources */ = {isa = PBXBuildFile; fileRef = AA5F03C51E580170009401F0 /* LaunchScreen.storyboard */; };
		AA5F03D21E5805BB009401F0 /* PreviewView.swift in Sources */ = {isa = PBXBuildFile; fileRef = AA5F03D11E5805BB009401F0 /* PreviewView.swift */; };
		AA5F03D41E5805D2009401F0 /* CameraViewController.swift in Sources */ = {isa = PBXBuildFile; fileRef = AA5F03D31E5805D2009401F0 /* CameraViewController.swift */; };
		AA5F03D61E5805DB009401F0 /* PhotoCaptureDelegate.swift in Sources */ = {isa = PBXBuildFile; fileRef = AA5F03D51E5805DB009401F0 /* PhotoCaptureDelegate.swift */; };
/* End PBXBuildFile section */

/* Begin PBXFileReference section */
		AA5F03B91E580170009401F0 /* DataxChat.app */ = {isa = PBXFileReference; explicitFileType = wrapper.application; includeInIndex = 0; path = DataxChat.app; sourceTree = BUILT_PRODUCTS_DIR; };
		AA5F03BC1E580170009401F0 /* AppDelegate.swift */ = {isa = PBXFileReference; lastKnownFileType = sourcecode.swift; path = AppDelegate.swift; sourceTree = "<group>"; };
		AA5F03BE1E580170009401F0 /* CameraVC.swift */ = {isa = PBXFileReference; lastKnownFileType = sourcecode.swift; name = CameraVC.swift; path = Controller/CameraVC.swift; sourceTree = "<group>"; };
		AA5F03C11E580170009401F0 /* Base */ = {isa = PBXFileReference; lastKnownFileType = file.storyboard; name = Base; path = Base.lproj/Main.storyboard; sourceTree = "<group>"; };
		AA5F03C31E580170009401F0 /* Assets.xcassets */ = {isa = PBXFileReference; lastKnownFileType = folder.assetcatalog; path = Assets.xcassets; sourceTree = "<group>"; };
		AA5F03C61E580170009401F0 /* Base */ = {isa = PBXFileReference; lastKnownFileType = file.storyboard; name = Base; path = Base.lproj/LaunchScreen.storyboard; sourceTree = "<group>"; };
		AA5F03C81E580170009401F0 /* Info.plist */ = {isa = PBXFileReference; lastKnownFileType = text.plist.xml; path = Info.plist; sourceTree = "<group>"; };
		AA5F03D11E5805BB009401F0 /* PreviewView.swift */ = {isa = PBXFileReference; fileEncoding = 4; lastKnownFileType = sourcecode.swift; path = PreviewView.swift; sourceTree = "<group>"; };
		AA5F03D31E5805D2009401F0 /* CameraViewController.swift */ = {isa = PBXFileReference; fileEncoding = 4; lastKnownFileType = sourcecode.swift; path = CameraViewController.swift; sourceTree = "<group>"; };
		AA5F03D51E5805DB009401F0 /* PhotoCaptureDelegate.swift */ = {isa = PBXFileReference; fileEncoding = 4; lastKnownFileType = sourcecode.swift; path = PhotoCaptureDelegate.swift; sourceTree = "<group>"; };
/* End PBXFileReference section */

/* Begin PBXFrameworksBuildPhase section */
		AA5F03B61E580170009401F0 /* Frameworks */ = {
			isa = PBXFrameworksBuildPhase;
			buildActionMask = 2147483647;
			files = (
			);
			runOnlyForDeploymentPostprocessing = 0;
		};
/* End PBXFrameworksBuildPhase section */

/* Begin PBXGroup section */
		AA5F03B01E580170009401F0 = {
			isa = PBXGroup;
			children = (
				AA5F03BB1E580170009401F0 /* DataxChat */,
				AA5F03BA1E580170009401F0 /* Products */,
			);
			sourceTree = "<group>";
		};
		AA5F03BA1E580170009401F0 /* Products */ = {
			isa = PBXGroup;
			children = (
				AA5F03B91E580170009401F0 /* DataxChat.app */,
			);
			name = Products;
			sourceTree = "<group>";
		};
		AA5F03BB1E580170009401F0 /* DataxChat */ = {
			isa = PBXGroup;
			children = (
				AA5F03D01E5805AB009401F0 /* Delegate */,
				AA5F03CF1E58018B009401F0 /* Controller */,
				AA5F03CE1E580185009401F0 /* View */,
				AA5F03C01E580170009401F0 /* Main.storyboard */,
				AA5F03C31E580170009401F0 /* Assets.xcassets */,
				AA5F03C51E580170009401F0 /* LaunchScreen.storyboard */,
				AA5F03C81E580170009401F0 /* Info.plist */,
			);
			path = DataxChat;
			sourceTree = "<group>";
		};
		AA5F03CE1E580185009401F0 /* View */ = {
			isa = PBXGroup;
			children = (
				AA5F03D11E5805BB009401F0 /* PreviewView.swift */,
			);
			name = View;
			sourceTree = "<group>";
		};
		AA5F03CF1E58018B009401F0 /* Controller */ = {
			isa = PBXGroup;
			children = (
				AA5F03D31E5805D2009401F0 /* CameraViewController.swift */,
				AA5F03BE1E580170009401F0 /* CameraVC.swift */,
			);
			name = Controller;
			sourceTree = "<group>";
		};
		AA5F03D01E5805AB009401F0 /* Delegate */ = {
			isa = PBXGroup;
			children = (
				AA5F03BC1E580170009401F0 /* AppDelegate.swift */,
				AA5F03D51E5805DB009401F0 /* PhotoCaptureDelegate.swift */,
			);
			name = Delegate;
			sourceTree = "<group>";
		};
/* End PBXGroup section */

/* Begin PBXNativeTarget section */
		AA5F03B81E580170009401F0 /* DataxChat */ = {
			isa = PBXNativeTarget;
			buildConfigurationList = AA5F03CB1E580170009401F0 /* Build configuration list for PBXNativeTarget "DataxChat" */;
			buildPhases = (
				AA5F03B51E580170009401F0 /* Sources */,
				AA5F03B61E580170009401F0 /* Frameworks */,
				AA5F03B71E580170009401F0 /* Resources */,
			);
			buildRules = (
			);
			dependencies = (
			);
			name = DataxChat;
			productName = DataxChat;
			productReference = AA5F03B91E580170009401F0 /* DataxChat.app */;
			productType = "com.apple.product-type.application";
		};
/* End PBXNativeTarget section */

/* Begin PBXProject section */
		AA5F03B11E580170009401F0 /* Project object */ = {
			isa = PBXProject;
			attributes = {
				LastSwiftUpdateCheck = 0830;
				LastUpgradeCheck = 0830;
				ORGANIZATIONNAME = "Nguyễn Xuân Đạt";
				TargetAttributes = {
					AA5F03B81E580170009401F0 = {
						CreatedOnToolsVersion = 8.3;
						DevelopmentTeam = 4U3383F2ZS;
						ProvisioningStyle = Automatic;
					};
				};
			};
			buildConfigurationList = AA5F03B41E580170009401F0 /* Build configuration list for PBXProject "DataxChat" */;
			compatibilityVersion = "Xcode 3.2";
			developmentRegion = English;
			hasScannedForEncodings = 0;
			knownRegions = (
				en,
				Base,
			);
			mainGroup = AA5F03B01E580170009401F0;
			productRefGroup = AA5F03BA1E580170009401F0 /* Products */;
			projectDirPath = "";
			projectRoot = "";
			targets = (
				AA5F03B81E580170009401F0 /* DataxChat */,
			);
		};
/* End PBXProject section */

/* Begin PBXResourcesBuildPhase section */
		AA5F03B71E580170009401F0 /* Resources */ = {
			isa = PBXResourcesBuildPhase;
			buildActionMask = 2147483647;
			files = (
				AA5F03C71E580170009401F0 /* LaunchScreen.storyboard in Resources */,
				AA5F03C41E580170009401F0 /* Assets.xcassets in Resources */,
				AA5F03C21E580170009401F0 /* Main.storyboard in Resources */,
			);
			runOnlyForDeploymentPostprocessing = 0;
		};
/* End PBXResourcesBuildPhase section */

/* Begin PBXSourcesBuildPhase section */
		AA5F03B51E580170009401F0 /* Sources */ = {
			isa = PBXSourcesBuildPhase;
			buildActionMask = 2147483647;
			files = (
				AA5F03BF1E580170009401F0 /* CameraVC.swift in Sources */,
				AA5F03D41E5805D2009401F0 /* CameraViewController.swift in Sources */,
				AA5F03BD1E580170009401F0 /* AppDelegate.swift in Sources */,
				AA5F03D61E5805DB009401F0 /* PhotoCaptureDelegate.swift in Sources */,
				AA5F03D21E5805BB009401F0 /* PreviewView.swift in Sources */,
			);
			runOnlyForDeploymentPostprocessing = 0;
		};
/* End PBXSourcesBuildPhase section */

/* Begin PBXVariantGroup section */
		AA5F03C01E580170009401F0 /* Main.storyboard */ = {
			isa = PBXVariantGroup;
			children = (
				AA5F03C11E580170009401F0 /* Base */,
			);
			name = Main.storyboard;
			sourceTree = "<group>";
		};
		AA5F03C51E580170009401F0 /* LaunchScreen.storyboard */ = {
			isa = PBXVariantGroup;
			children = (
				AA5F03C61E580170009401F0 /* Base */,
			);
			name = LaunchScreen.storyboard;
			sourceTree = "<group>";
		};
/* End PBXVariantGroup section */

/* Begin XCBuildConfiguration section */
		AA5F03C91E580170009401F0 /* Debug */ = {
			isa = XCBuildConfiguration;
			buildSettings = {
				ALWAYS_SEARCH_USER_PATHS = NO;
				CLANG_ANALYZER_NONNULL = YES;
				CLANG_ANALYZER_NUMBER_OBJECT_CONVERSION = YES_AGGRESSIVE;
				CLANG_CXX_LANGUAGE_STANDARD = "gnu++0x";
				CLANG_CXX_LIBRARY = "libc++";
				CLANG_ENABLE_MODULES = YES;
				CLANG_ENABLE_OBJC_ARC = YES;
				CLANG_WARN_BOOL_CONVERSION = YES;
				CLANG_WARN_CONSTANT_CONVERSION = YES;
				CLANG_WARN_DIRECT_OBJC_ISA_USAGE = YES_ERROR;
				CLANG_WARN_DOCUMENTATION_COMMENTS = YES;
				CLANG_WARN_EMPTY_BODY = YES;
				CLANG_WARN_ENUM_CONVERSION = YES;
				CLANG_WARN_INFINITE_RECURSION = YES;
				CLANG_WARN_INT_CONVERSION = YES;
				CLANG_WARN_OBJC_ROOT_CLASS = YES_ERROR;
				CLANG_WARN_SUSPICIOUS_MOVE = YES;
				CLANG_WARN_UNREACHABLE_CODE = YES;
				CLANG_WARN__DUPLICATE_METHOD_MATCH = YES;
				"CODE_SIGN_IDENTITY[sdk=iphoneos*]" = "iPhone Developer";
				COPY_PHASE_STRIP = NO;
				DEBUG_INFORMATION_FORMAT = dwarf;
				ENABLE_STRICT_OBJC_MSGSEND = YES;
				ENABLE_TESTABILITY = YES;
				GCC_C_LANGUAGE_STANDARD = gnu99;
				GCC_DYNAMIC_NO_PIC = NO;
				GCC_NO_COMMON_BLOCKS = YES;
				GCC_OPTIMIZATION_LEVEL = 0;
				GCC_PREPROCESSOR_DEFINITIONS = (
					"DEBUG=1",
					"$(inherited)",
				);
				GCC_WARN_64_TO_32_BIT_CONVERSION = YES;
				GCC_WARN_ABOUT_RETURN_TYPE = YES_ERROR;
				GCC_WARN_UNDECLARED_SELECTOR = YES;
				GCC_WARN_UNINITIALIZED_AUTOS = YES_AGGRESSIVE;
				GCC_WARN_UNUSED_FUNCTION = YES;
				GCC_WARN_UNUSED_VARIABLE = YES;
				IPHONEOS_DEPLOYMENT_TARGET = 10.3;
				MTL_ENABLE_DEBUG_INFO = YES;
				ONLY_ACTIVE_ARCH = YES;
				SDKROOT = iphoneos;
				SWIFT_ACTIVE_COMPILATION_CONDITIONS = DEBUG;
				SWIFT_OPTIMIZATION_LEVEL = "-Onone";
				TARGETED_DEVICE_FAMILY = "1,2";
			};
			name = Debug;
		};
		AA5F03CA1E580170009401F0 /* Release */ = {
			isa = XCBuildConfiguration;
			buildSettings = {
				ALWAYS_SEARCH_USER_PATHS = NO;
				CLANG_ANALYZER_NONNULL = YES;
				CLANG_ANALYZER_NUMBER_OBJECT_CONVERSION = YES_AGGRESSIVE;
				CLANG_CXX_LANGUAGE_STANDARD = "gnu++0x";
				CLANG_CXX_LIBRARY = "libc++";
				CLANG_ENABLE_MODULES = YES;
				CLANG_ENABLE_OBJC_ARC = YES;
				CLANG_WARN_BOOL_CONVERSION = YES;
				CLANG_WARN_CONSTANT_CONVERSION = YES;
				CLANG_WARN_DIRECT_OBJC_ISA_USAGE = YES_ERROR;
				CLANG_WARN_DOCUMENTATION_COMMENTS = YES;
				CLANG_WARN_EMPTY_BODY = YES;
				CLANG_WARN_ENUM_CONVERSION = YES;
				CLANG_WARN_INFINITE_RECURSION = YES;
				CLANG_WARN_INT_CONVERSION = YES;
				CLANG_WARN_OBJC_ROOT_CLASS = YES_ERROR;
				CLANG_WARN_SUSPICIOUS_MOVE = YES;
				CLANG_WARN_UNREACHABLE_CODE = YES;
				CLANG_WARN__DUPLICATE_METHOD_MATCH = YES;
				"CODE_SIGN_IDENTITY[sdk=iphoneos*]" = "iPhone Developer";
				COPY_PHASE_STRIP = NO;
				DEBUG_INFORMATION_FORMAT = "dwarf-with-dsym";
				ENABLE_NS_ASSERTIONS = NO;
				ENABLE_STRICT_OBJC_MSGSEND = YES;
				GCC_C_LANGUAGE_STANDARD = gnu99;
				GCC_NO_COMMON_BLOCKS = YES;
				GCC_WARN_64_TO_32_BIT_CONVERSION = YES;
				GCC_WARN_ABOUT_RETURN_TYPE = YES_ERROR;
				GCC_WARN_UNDECLARED_SELECTOR = YES;
				GCC_WARN_UNINITIALIZED_AUTOS = YES_AGGRESSIVE;
				GCC_WARN_UNUSED_FUNCTION = YES;
				GCC_WARN_UNUSED_VARIABLE = YES;
				IPHONEOS_DEPLOYMENT_TARGET = 10.3;
				MTL_ENABLE_DEBUG_INFO = NO;
				SDKROOT = iphoneos;
				SWIFT_OPTIMIZATION_LEVEL = "-Owholemodule";
				TARGETED_DEVICE_FAMILY = "1,2";
				VALIDATE_PRODUCT = YES;
			};
			name = Release;
		};
		AA5F03CC1E580170009401F0 /* Debug */ = {
			isa = XCBuildConfiguration;
			buildSettings = {
				ASSETCATALOG_COMPILER_APPICON_NAME = AppIcon;
				DEVELOPMENT_TEAM = 4U3383F2ZS;
				INFOPLIST_FILE = DataxChat/Info.plist;
				IPHONEOS_DEPLOYMENT_TARGET = 10.0;
				LD_RUNPATH_SEARCH_PATHS = "$(inherited) @executable_path/Frameworks";
				PRODUCT_BUNDLE_IDENTIFIER = com.datnguyen.DataxChat;
				PRODUCT_NAME = "$(TARGET_NAME)";
				SWIFT_VERSION = 3.0;
			};
			name = Debug;
		};
		AA5F03CD1E580170009401F0 /* Release */ = {
			isa = XCBuildConfiguration;
			buildSettings = {
				ASSETCATALOG_COMPILER_APPICON_NAME = AppIcon;
				DEVELOPMENT_TEAM = 4U3383F2ZS;
				INFOPLIST_FILE = DataxChat/Info.plist;
				IPHONEOS_DEPLOYMENT_TARGET = 10.0;
				LD_RUNPATH_SEARCH_PATHS = "$(inherited) @executable_path/Frameworks";
				PRODUCT_BUNDLE_IDENTIFIER = com.datnguyen.DataxChat;
				PRODUCT_NAME = "$(TARGET_NAME)";
				SWIFT_VERSION = 3.0;
			};
			name = Release;
		};
/* End XCBuildConfiguration section */

/* Begin XCConfigurationList section */
		AA5F03B41E580170009401F0 /* Build configuration list for PBXProject "DataxChat" */ = {
			isa = XCConfigurationList;
			buildConfigurations = (
				AA5F03C91E580170009401F0 /* Debug */,
				AA5F03CA1E580170009401F0 /* Release */,
			);
			defaultConfigurationIsVisible = 0;
			defaultConfigurationName = Release;
		};
		AA5F03CB1E580170009401F0 /* Build configuration list for PBXNativeTarget "DataxChat" */ = {
			isa = XCConfigurationList;
			buildConfigurations = (
				AA5F03CC1E580170009401F0 /* Debug */,
				AA5F03CD1E580170009401F0 /* Release */,
			);
			defaultConfigurationIsVisible = 0;
			defaultConfigurationName = Release;
		};
/* End XCConfigurationList section */
	};
	rootObject = AA5F03B11E580170009401F0 /* Project object */;
}
